dependencies:
  espressif/button:
    component_hash: 30a3f495c3862d505ce6e41adbbd218b2750e9723ab2151feff00e9fe685b326
    dependencies:
    - name: espressif/cmake_utilities
      registry_url: https://components.espressif.com
      require: private
      version: 0.*
    - name: idf
      require: private
      version: '>=4.0'
    source:
      registry_url: https://components.espressif.com/
      type: service
    version: 3.5.0
  espressif/cmake_utilities:
    component_hash: 351350613ceafba240b761b4ea991e0f231ac7a9f59a9ee901f751bddc0bb18f
    dependencies:
    - name: idf
      require: private
      version: '>=4.1'
    source:
      registry_url: https://components.espressif.com
      type: service
    version: 0.5.3
  espressif/ds18b20:
    component_hash: 9792f38a20eb2fe7435cba349e3b4b7085381f05400233aacd849ced69e2207f
    dependencies:
    - name: espressif/onewire_bus
      registry_url: https://components.espressif.com
      require: private
      version: ^1.0.0
    source:
      registry_url: https://components.espressif.com/
      type: service
    version: 0.2.0
  idf:
    source:
      type: idf
    version: 5.3.0
  lvgl/lvgl:
    component_hash: 17e68bfd21f0edf4c3ee838e2273da840bf3930e5dbc3bfa6c1190c3aed41f9f
    dependencies: []
    source:
      registry_url: https://components.espressif.com/
      type: service
    version: 9.4.0
  mpu6050:
    dependencies: []
    source:
      path: D:\Embedded\ESP\esp\v5.3\esp-idf\components\mpu6050
      type: local
    version: 1.2.0
  onewire_bus:
    dependencies: []
    source:
      path: D:\Embedded\ESP\esp\v5.3\esp-idf\components\onewire_bus
      type: local
    version: 1.0.4
  u8g2:
    component_hash: 5838fbebdf68880f03b63d38be391171ffe57e72e246d4a31d0d06693e5ff85f
    dependencies: []
    source:
      git: https://github.com/olikraus/u8g2.git
      path: .
      type: git
    version: 924f3a9344210c3571fc4cac2b15eab055131ccd
  u8g2_esp32_hal_idf:
    component_hash: 66004895b7fdde41d83039db9efeeeaed11bdea9a456a2a68980818a8a097e81
    dependencies: []
    source:
      git: https://github.com/mkfrey/u8g2-hal-esp-idf.git
      path: .
      type: git
    version: 4ddd714deabdb45885174724306637f2274d4f6b
direct_dependencies:
- espressif/button
- espressif/ds18b20
- espressif/mpu6050
- espressif/onewire_bus
- idf
- lvgl/lvgl
- u8g2
- u8g2_esp32_hal_idf
manifest_hash: a0cc83394167b94018a33b99dea188d86afef2571b0732bef80ad49f3cd00d77
target: esp32
version: 2.0.0
