dependencies:
  idf:
    source:
      type: idf
    version: 5.3.0
  lvgl/lvgl:
    component_hash: b702d642e03e95928046d5c6726558e6444e112420c77efa5fdb6650b0a13c5d
    dependencies: []
    source:
      registry_url: https://components.espressif.com/
      type: service
    version: 9.3.0
direct_dependencies:
- idf
- lvgl/lvgl
manifest_hash: 8f9a68b47a44666eee86c342b2a5a48f278566be71f932349de0a87dd52e67fd
target: esp32
version: 2.0.0
